
Microsoft Visual Studio Solution File, Format Version 12.00
# Visual Studio 14
VisualStudioVersion = 14.0.25420.1
MinimumVisualStudioVersion = 10.0.40219.1
Project("{FAE04EC0-301F-11D3-BF4B-00C04F79EFBC}") = "WcfDemo", "WcfDemo\WcfDemo.csproj", "{854CCF4C-2507-4E1D-8C2B-0F99C970ACD4}"
EndProject
Project("{FAE04EC0-301F-11D3-BF4B-00C04F79EFBC}") = "ConsoleDemo", "ConsoleDemo\ConsoleDemo.csproj", "{CE674346-CAB4-4DCE-B28B-6FBBF8729F32}"
EndProject
Project("{FAE04EC0-301F-11D3-BF4B-00C04F79EFBC}") = "ClassLib", "ClassLib\ClassLib.csproj", "{BE06F5DB-4130-4625-A1F8-D79B7500ECB6}"
EndProject
Project("{FAE04EC0-301F-11D3-BF4B-00C04F79EFBC}") = "WpfApp", "WpfApp\WpfApp.csproj", "{917AE258-1C04-49E8-8C16-9DDA9B1E2746}"
EndProject
Project("{8BB2217D-0F2D-49D1-97BC-3654ED321F3B}") = "WebDemo", "WebDemo\WebDemo.xproj", "{BDEEEDD1-B0E8-4316-8EF3-48B693A7855D}"
EndProject
Global
	GlobalSection(SolutionConfigurationPlatforms) = preSolution
		Debug|Any CPU = Debug|Any CPU
		Release|Any CPU = Release|Any CPU
	EndGlobalSection
	GlobalSection(ProjectConfigurationPlatforms) = postSolution
		{854CCF4C-2507-4E1D-8C2B-0F99C970ACD4}.Debug|Any CPU.ActiveCfg = Debug|Any CPU
		{854CCF4C-2507-4E1D-8C2B-0F99C970ACD4}.Debug|Any CPU.Build.0 = Debug|Any CPU
		{854CCF4C-2507-4E1D-8C2B-0F99C970ACD4}.Release|Any CPU.ActiveCfg = Release|Any CPU
		{854CCF4C-2507-4E1D-8C2B-0F99C970ACD4}.Release|Any CPU.Build.0 = Release|Any CPU
		{CE674346-CAB4-4DCE-B28B-6FBBF8729F32}.Debug|Any CPU.ActiveCfg = Debug|Any CPU
		{CE674346-CAB4-4DCE-B28B-6FBBF8729F32}.Debug|Any CPU.Build.0 = Debug|Any CPU
		{CE674346-CAB4-4DCE-B28B-6FBBF8729F32}.Release|Any CPU.ActiveCfg = Release|Any CPU
		{CE674346-CAB4-4DCE-B28B-6FBBF8729F32}.Release|Any CPU.Build.0 = Release|Any CPU
		{BE06F5DB-4130-4625-A1F8-D79B7500ECB6}.Debug|Any CPU.ActiveCfg = Debug|Any CPU
		{BE06F5DB-4130-4625-A1F8-D79B7500ECB6}.Debug|Any CPU.Build.0 = Debug|Any CPU
		{BE06F5DB-4130-4625-A1F8-D79B7500ECB6}.Release|Any CPU.ActiveCfg = Release|Any CPU
		{BE06F5DB-4130-4625-A1F8-D79B7500ECB6}.Release|Any CPU.Build.0 = Release|Any CPU
		{917AE258-1C04-49E8-8C16-9DDA9B1E2746}.Debug|Any CPU.ActiveCfg = Debug|Any CPU
		{917AE258-1C04-49E8-8C16-9DDA9B1E2746}.Debug|Any CPU.Build.0 = Debug|Any CPU
		{917AE258-1C04-49E8-8C16-9DDA9B1E2746}.Release|Any CPU.ActiveCfg = Release|Any CPU
		{917AE258-1C04-49E8-8C16-9DDA9B1E2746}.Release|Any CPU.Build.0 = Release|Any CPU
		{BDEEEDD1-B0E8-4316-8EF3-48B693A7855D}.Debug|Any CPU.ActiveCfg = Debug|Any CPU
		{BDEEEDD1-B0E8-4316-8EF3-48B693A7855D}.Debug|Any CPU.Build.0 = Debug|Any CPU
		{BDEEEDD1-B0E8-4316-8EF3-48B693A7855D}.Release|Any CPU.ActiveCfg = Release|Any CPU
		{BDEEEDD1-B0E8-4316-8EF3-48B693A7855D}.Release|Any CPU.Build.0 = Release|Any CPU
	EndGlobalSection
	GlobalSection(SolutionProperties) = preSolution
		HideSolutionNode = FALSE
	EndGlobalSection
EndGlobal
